
Microsoft Visual Studio Solution File, Format Version 12.00
# Visual Studio Version 17
VisualStudioVersion = 17.8.34309.116
MinimumVisualStudioVersion = 10.0.40219.1
Project("{9A19103F-16F7-4668-BE54-9A1E7A4F7556}") = "CommonLib", "CommonLib\CommonLib.csproj", "{FE454441-FB6B-480D-AFC0-C9F6A135BAAF}"
EndProject
Project("{9A19103F-16F7-4668-BE54-9A1E7A4F7556}") = "SharedMemoryReader", "SharedMemoryReader\SharedMemoryReader.csproj", "{FCB97121-BBE1-4340-827C-EC57E475682C}"
EndProject
Project("{9A19103F-16F7-4668-BE54-9A1E7A4F7556}") = "SharedMemoryWriter", "SharedMemoryWriter\SharedMemoryWriter.csproj", "{E939928E-6A69-4163-BEDC-0C3FCA40A036}"
EndProject
Global
	GlobalSection(SolutionConfigurationPlatforms) = preSolution
		Debug|Any CPU = Debug|Any CPU
		Release|Any CPU = Release|Any CPU
	EndGlobalSection
	GlobalSection(ProjectConfigurationPlatforms) = postSolution
		{FE454441-FB6B-480D-AFC0-C9F6A135BAAF}.Debug|Any CPU.ActiveCfg = Debug|Any CPU
		{FE454441-FB6B-480D-AFC0-C9F6A135BAAF}.Debug|Any CPU.Build.0 = Debug|Any CPU
		{FE454441-FB6B-480D-AFC0-C9F6A135BAAF}.Release|Any CPU.ActiveCfg = Release|Any CPU
		{FE454441-FB6B-480D-AFC0-C9F6A135BAAF}.Release|Any CPU.Build.0 = Release|Any CPU
		{FCB97121-BBE1-4340-827C-EC57E475682C}.Debug|Any CPU.ActiveCfg = Debug|Any CPU
		{FCB97121-BBE1-4340-827C-EC57E475682C}.Debug|Any CPU.Build.0 = Debug|Any CPU
		{FCB97121-BBE1-4340-827C-EC57E475682C}.Release|Any CPU.ActiveCfg = Release|Any CPU
		{FCB97121-BBE1-4340-827C-EC57E475682C}.Release|Any CPU.Build.0 = Release|Any CPU
		{E939928E-6A69-4163-BEDC-0C3FCA40A036}.Debug|Any CPU.ActiveCfg = Debug|Any CPU
		{E939928E-6A69-4163-BEDC-0C3FCA40A036}.Debug|Any CPU.Build.0 = Debug|Any CPU
		{E939928E-6A69-4163-BEDC-0C3FCA40A036}.Release|Any CPU.ActiveCfg = Release|Any CPU
		{E939928E-6A69-4163-BEDC-0C3FCA40A036}.Release|Any CPU.Build.0 = Release|Any CPU
	EndGlobalSection
	GlobalSection(SolutionProperties) = preSolution
		HideSolutionNode = FALSE
	EndGlobalSection
	GlobalSection(ExtensibilityGlobals) = postSolution
		SolutionGuid = {F5EFB2B0-2334-4C75-8D3A-AC80B8523B61}
	EndGlobalSection
EndGlobal
